
Microsoft Visual Studio Solution File, Format Version 12.00
# Visual Studio 2012
Project("{FAE04EC0-301F-11D3-BF4B-00C04F79EFBC}") = "Tests", "Tests\Tests.csproj", "{13F9C8C7-8106-4938-93F5-5CCDCDF0CE6F}"
EndProject
Project("{FAE04EC0-301F-11D3-BF4B-00C04F79EFBC}") = "ZipCodeCoords", "ZipCodeCoords\ZipCodeCoords.csproj", "{9832D966-BFA4-4D3F-8C7C-F3558027CDA9}"
EndProject
Global
	GlobalSection(SolutionConfigurationPlatforms) = preSolution
		Debug|Any CPU = Debug|Any CPU
		Release|Any CPU = Release|Any CPU
	EndGlobalSection
	GlobalSection(ProjectConfigurationPlatforms) = postSolution
		{13F9C8C7-8106-4938-93F5-5CCDCDF0CE6F}.Debug|Any CPU.ActiveCfg = Debug|Any CPU
		{13F9C8C7-8106-4938-93F5-5CCDCDF0CE6F}.Debug|Any CPU.Build.0 = Debug|Any CPU
		{13F9C8C7-8106-4938-93F5-5CCDCDF0CE6F}.Release|Any CPU.ActiveCfg = Release|Any CPU
		{13F9C8C7-8106-4938-93F5-5CCDCDF0CE6F}.Release|Any CPU.Build.0 = Release|Any CPU
		{9832D966-BFA4-4D3F-8C7C-F3558027CDA9}.Debug|Any CPU.ActiveCfg = Debug|Any CPU
		{9832D966-BFA4-4D3F-8C7C-F3558027CDA9}.Debug|Any CPU.Build.0 = Debug|Any CPU
		{9832D966-BFA4-4D3F-8C7C-F3558027CDA9}.Release|Any CPU.ActiveCfg = Release|Any CPU
		{9832D966-BFA4-4D3F-8C7C-F3558027CDA9}.Release|Any CPU.Build.0 = Release|Any CPU
	EndGlobalSection
	GlobalSection(SolutionProperties) = preSolution
		HideSolutionNode = FALSE
	EndGlobalSection
EndGlobal
